
Microsoft Visual Studio Solution File, Format Version 12.00
# Visual Studio Version 16
VisualStudioVersion = 16.0.29519.181
MinimumVisualStudioVersion = 10.0.40219.1
Project("{FAE04EC0-301F-11D3-BF4B-00C04F79EFBC}") = "WindowsFormsApp4", "WindowsFormsApp4.csproj", "{22F0BDD9-5A87-4518-8184-3ED0CBB083CF}"
EndProject
Global
	GlobalSection(SolutionConfigurationPlatforms) = preSolution
		Debug|Any CPU = Debug|Any CPU
		Release|Any CPU = Release|Any CPU
	EndGlobalSection
	GlobalSection(ProjectConfigurationPlatforms) = postSolution
		{22F0BDD9-5A87-4518-8184-3ED0CBB083CF}.Debug|Any CPU.ActiveCfg = Debug|Any CPU
		{22F0BDD9-5A87-4518-8184-3ED0CBB083CF}.Debug|Any CPU.Build.0 = Debug|Any CPU
		{22F0BDD9-5A87-4518-8184-3ED0CBB083CF}.Release|Any CPU.ActiveCfg = Release|Any CPU
		{22F0BDD9-5A87-4518-8184-3ED0CBB083CF}.Release|Any CPU.Build.0 = Release|Any CPU
	EndGlobalSection
	GlobalSection(SolutionProperties) = preSolution
		HideSolutionNode = FALSE
	EndGlobalSection
	GlobalSection(ExtensibilityGlobals) = postSolution
		SolutionGuid = {8C314DDC-2B77-4A35-B915-9B0E41E7A0A8}
	EndGlobalSection
EndGlobal
